
Microsoft Visual Studio Solution File, Format Version 12.00
# Visual Studio Version 16
VisualStudioVersion = 16.0.31613.86
MinimumVisualStudioVersion = 10.0.40219.1
Project("{9A19103F-16F7-4668-BE54-9A1E7A4F7556}") = "VogCodeChallenge.API", "VogCodeChallenge.API\VogCodeChallenge.API.csproj", "{8C83F043-AE2A-4631-9385-BD54443EAD2A}"
EndProject
Project("{9A19103F-16F7-4668-BE54-9A1E7A4F7556}") = "VogCodeChallenge.Domain", "VogCodeChallenge.Domain\VogCodeChallenge.Domain.csproj", "{502D24DD-F3BA-4EDF-A334-385B926F8F23}"
EndProject
Project("{9A19103F-16F7-4668-BE54-9A1E7A4F7556}") = "VogCodeChallenge.Domain.Tests", "VogCodeChallenge.Domain.Tests\VogCodeChallenge.Domain.Tests.csproj", "{3D63DF2E-3B63-4B01-BB30-EE6CE77E980C}"
EndProject
Project("{9A19103F-16F7-4668-BE54-9A1E7A4F7556}") = "VogCodeChallenge.Shared", "VogCodeChallenge.Shared\VogCodeChallenge.Shared.csproj", "{EA9FB148-A23B-440D-B19D-6218ED4F01F0}"
EndProject
Project("{FAE04EC0-301F-11D3-BF4B-00C04F79EFBC}") = "VogCodeChallenge.ApplicationServices", "VogCodeChallenge.ApplicationServices\VogCodeChallenge.ApplicationServices.csproj", "{2422C75C-3EDA-410B-AA0F-7A5CDAA1B1CD}"
EndProject
Global
	GlobalSection(SolutionConfigurationPlatforms) = preSolution
		Debug|Any CPU = Debug|Any CPU
		Release|Any CPU = Release|Any CPU
	EndGlobalSection
	GlobalSection(ProjectConfigurationPlatforms) = postSolution
		{8C83F043-AE2A-4631-9385-BD54443EAD2A}.Debug|Any CPU.ActiveCfg = Debug|Any CPU
		{8C83F043-AE2A-4631-9385-BD54443EAD2A}.Debug|Any CPU.Build.0 = Debug|Any CPU
		{8C83F043-AE2A-4631-9385-BD54443EAD2A}.Release|Any CPU.ActiveCfg = Release|Any CPU
		{8C83F043-AE2A-4631-9385-BD54443EAD2A}.Release|Any CPU.Build.0 = Release|Any CPU
		{502D24DD-F3BA-4EDF-A334-385B926F8F23}.Debug|Any CPU.ActiveCfg = Debug|Any CPU
		{502D24DD-F3BA-4EDF-A334-385B926F8F23}.Debug|Any CPU.Build.0 = Debug|Any CPU
		{502D24DD-F3BA-4EDF-A334-385B926F8F23}.Release|Any CPU.ActiveCfg = Release|Any CPU
		{502D24DD-F3BA-4EDF-A334-385B926F8F23}.Release|Any CPU.Build.0 = Release|Any CPU
		{3D63DF2E-3B63-4B01-BB30-EE6CE77E980C}.Debug|Any CPU.ActiveCfg = Debug|Any CPU
		{3D63DF2E-3B63-4B01-BB30-EE6CE77E980C}.Debug|Any CPU.Build.0 = Debug|Any CPU
		{3D63DF2E-3B63-4B01-BB30-EE6CE77E980C}.Release|Any CPU.ActiveCfg = Release|Any CPU
		{3D63DF2E-3B63-4B01-BB30-EE6CE77E980C}.Release|Any CPU.Build.0 = Release|Any CPU
		{EA9FB148-A23B-440D-B19D-6218ED4F01F0}.Debug|Any CPU.ActiveCfg = Debug|Any CPU
		{EA9FB148-A23B-440D-B19D-6218ED4F01F0}.Debug|Any CPU.Build.0 = Debug|Any CPU
		{EA9FB148-A23B-440D-B19D-6218ED4F01F0}.Release|Any CPU.ActiveCfg = Release|Any CPU
		{EA9FB148-A23B-440D-B19D-6218ED4F01F0}.Release|Any CPU.Build.0 = Release|Any CPU
		{2422C75C-3EDA-410B-AA0F-7A5CDAA1B1CD}.Debug|Any CPU.ActiveCfg = Debug|Any CPU
		{2422C75C-3EDA-410B-AA0F-7A5CDAA1B1CD}.Debug|Any CPU.Build.0 = Debug|Any CPU
		{2422C75C-3EDA-410B-AA0F-7A5CDAA1B1CD}.Release|Any CPU.ActiveCfg = Release|Any CPU
		{2422C75C-3EDA-410B-AA0F-7A5CDAA1B1CD}.Release|Any CPU.Build.0 = Release|Any CPU
	EndGlobalSection
	GlobalSection(SolutionProperties) = preSolution
		HideSolutionNode = FALSE
	EndGlobalSection
	GlobalSection(ExtensibilityGlobals) = postSolution
		SolutionGuid = {C678A0CA-92E4-4A5E-A6D3-6F9ABD995481}
	EndGlobalSection
EndGlobal
