
Microsoft Visual Studio Solution File, Format Version 12.00
# Visual Studio Version 16
VisualStudioVersion = 16.0.31613.86
MinimumVisualStudioVersion = 10.0.40219.1
Project("{FAE04EC0-301F-11D3-BF4B-00C04F79EFBC}") = "VogCodeChallenge.API", "VogCodeChallenge.API\VogCodeChallenge.API.csproj", "{8C83F043-AE2A-4631-9385-BD54443EAD2A}"
EndProject
Global
	GlobalSection(SolutionConfigurationPlatforms) = preSolution
		Debug|Any CPU = Debug|Any CPU
		Release|Any CPU = Release|Any CPU
	EndGlobalSection
	GlobalSection(ProjectConfigurationPlatforms) = postSolution
		{8C83F043-AE2A-4631-9385-BD54443EAD2A}.Debug|Any CPU.ActiveCfg = Debug|Any CPU
		{8C83F043-AE2A-4631-9385-BD54443EAD2A}.Debug|Any CPU.Build.0 = Debug|Any CPU
		{8C83F043-AE2A-4631-9385-BD54443EAD2A}.Release|Any CPU.ActiveCfg = Release|Any CPU
		{8C83F043-AE2A-4631-9385-BD54443EAD2A}.Release|Any CPU.Build.0 = Release|Any CPU
	EndGlobalSection
	GlobalSection(SolutionProperties) = preSolution
		HideSolutionNode = FALSE
	EndGlobalSection
	GlobalSection(ExtensibilityGlobals) = postSolution
		SolutionGuid = {C678A0CA-92E4-4A5E-A6D3-6F9ABD995481}
	EndGlobalSection
EndGlobal
